// !$*UTF8*$!
{
	archiveVersion = 1;
	classes = {
	};
	objectVersion = 55;
	objects = {

/* Begin PBXBuildFile section */
		346E863928A4672C00A3FF20 /* nbaTeamGame.swift in Sources */ = {isa = PBXBuildFile; fileRef = 346E863828A4672C00A3FF20 /* nbaTeamGame.swift */; };
		346E863F28A5C82900A3FF20 /* nbaAnswer.swift in Sources */ = {isa = PBXBuildFile; fileRef = 346E863E28A5C82900A3FF20 /* nbaAnswer.swift */; };
		34CBC59C28D709B10014347E /* nbaTeamGame1.swift in Sources */ = {isa = PBXBuildFile; fileRef = 34CBC59B28D709B10014347E /* nbaTeamGame1.swift */; };
		C03665392863DBC50096852E /* Guess_AApp.swift in Sources */ = {isa = PBXBuildFile; fileRef = C03665382863DBC50096852E /* Guess_AApp.swift */; };
		C036653B2863DBC50096852E /* ContentView.swift in Sources */ = {isa = PBXBuildFile; fileRef = C036653A2863DBC50096852E /* ContentView.swift */; };
		C036653D2863DBC90096852E /* Assets.xcassets in Resources */ = {isa = PBXBuildFile; fileRef = C036653C2863DBC90096852E /* Assets.xcassets */; };
		C03665402863DBC90096852E /* Preview Assets.xcassets in Resources */ = {isa = PBXBuildFile; fileRef = C036653F2863DBC90096852E /* Preview Assets.xcassets */; };
		C089E2EE286524480098AB23 /* numberLevels.swift in Sources */ = {isa = PBXBuildFile; fileRef = C089E2ED286524480098AB23 /* numberLevels.swift */; };
		C0A98C96286D6187006BC2FA /* ToolbarView.swift in Sources */ = {isa = PBXBuildFile; fileRef = C0A98C95286D6187006BC2FA /* ToolbarView.swift */; };
		C0A98C98286DB8B1006BC2FA /* common.swift in Sources */ = {isa = PBXBuildFile; fileRef = C0A98C97286DB8B1006BC2FA /* common.swift */; };
		C0CC9A3B286BF2D800FF74C6 /* nbaTeamLevels.swift in Sources */ = {isa = PBXBuildFile; fileRef = C0CC9A3A286BF2D800FF74C6 /* nbaTeamLevels.swift */; };
		C0CC9A3D286BF30600FF74C6 /* playingCardView.swift in Sources */ = {isa = PBXBuildFile; fileRef = C0CC9A3C286BF30600FF74C6 /* playingCardView.swift */; };
		C0CC9A3F286BF31700FF74C6 /* pokemonLevels.swift in Sources */ = {isa = PBXBuildFile; fileRef = C0CC9A3E286BF31700FF74C6 /* pokemonLevels.swift */; };
		C0CC9A41286BF35100FF74C6 /* carBrandView.swift in Sources */ = {isa = PBXBuildFile; fileRef = C0CC9A40286BF35100FF74C6 /* carBrandView.swift */; };
		C0CC9A43286BF3A300FF74C6 /* fruitView.swift in Sources */ = {isa = PBXBuildFile; fileRef = C0CC9A42286BF3A300FF74C6 /* fruitView.swift */; };
		C0CC9A45286BF3B200FF74C6 /* allBlacksPlayerView.swift in Sources */ = {isa = PBXBuildFile; fileRef = C0CC9A44286BF3B200FF74C6 /* allBlacksPlayerView.swift */; };
		C0CC9A47286BF3C200FF74C6 /* letterView.swift in Sources */ = {isa = PBXBuildFile; fileRef = C0CC9A46286BF3C200FF74C6 /* letterView.swift */; };
		C0CC9A49286BF3D000FF74C6 /* dogBreedView.swift in Sources */ = {isa = PBXBuildFile; fileRef = C0CC9A48286BF3D000FF74C6 /* dogBreedView.swift */; };
		C0CC9A4B286BF3DC00FF74C6 /* marvelView.swift in Sources */ = {isa = PBXBuildFile; fileRef = C0CC9A4A286BF3DC00FF74C6 /* marvelView.swift */; };
		C0CC9A5A286C699B00FF74C6 /* numberGame.swift in Sources */ = {isa = PBXBuildFile; fileRef = C0CC9A59286C699B00FF74C6 /* numberGame.swift */; };
		CB1463CA2891F2FD00FB1A2F /* pokemonGame.swift in Sources */ = {isa = PBXBuildFile; fileRef = CB1463C92891F2FD00FB1A2F /* pokemonGame.swift */; };
/* End PBXBuildFile section */

/* Begin PBXFileReference section */
		346E863828A4672C00A3FF20 /* nbaTeamGame.swift */ = {isa = PBXFileReference; lastKnownFileType = sourcecode.swift; path = nbaTeamGame.swift; sourceTree = "<group>"; };
		346E863E28A5C82900A3FF20 /* nbaAnswer.swift */ = {isa = PBXFileReference; lastKnownFileType = sourcecode.swift; path = nbaAnswer.swift; sourceTree = "<group>"; };
		34CBC59B28D709B10014347E /* nbaTeamGame1.swift */ = {isa = PBXFileReference; lastKnownFileType = sourcecode.swift; path = nbaTeamGame1.swift; sourceTree = "<group>"; };
		C03665352863DBC50096852E /* Guess-A.app */ = {isa = PBXFileReference; explicitFileType = wrapper.application; includeInIndex = 0; path = "Guess-A.app"; sourceTree = BUILT_PRODUCTS_DIR; };
		C03665382863DBC50096852E /* Guess_AApp.swift */ = {isa = PBXFileReference; lastKnownFileType = sourcecode.swift; path = Guess_AApp.swift; sourceTree = "<group>"; };
		C036653A2863DBC50096852E /* ContentView.swift */ = {isa = PBXFileReference; lastKnownFileType = sourcecode.swift; path = ContentView.swift; sourceTree = "<group>"; };
		C036653C2863DBC90096852E /* Assets.xcassets */ = {isa = PBXFileReference; lastKnownFileType = folder.assetcatalog; path = Assets.xcassets; sourceTree = "<group>"; };
		C036653F2863DBC90096852E /* Preview Assets.xcassets */ = {isa = PBXFileReference; lastKnownFileType = folder.assetcatalog; path = "Preview Assets.xcassets"; sourceTree = "<group>"; };
		C089E2ED286524480098AB23 /* numberLevels.swift */ = {isa = PBXFileReference; lastKnownFileType = sourcecode.swift; path = numberLevels.swift; sourceTree = "<group>"; };
		C0A98C95286D6187006BC2FA /* ToolbarView.swift */ = {isa = PBXFileReference; lastKnownFileType = sourcecode.swift; path = ToolbarView.swift; sourceTree = "<group>"; };
		C0A98C97286DB8B1006BC2FA /* common.swift */ = {isa = PBXFileReference; lastKnownFileType = sourcecode.swift; path = common.swift; sourceTree = "<group>"; };
		C0CC9A3A286BF2D800FF74C6 /* nbaTeamLevels.swift */ = {isa = PBXFileReference; lastKnownFileType = sourcecode.swift; path = nbaTeamLevels.swift; sourceTree = "<group>"; };
		C0CC9A3C286BF30600FF74C6 /* playingCardView.swift */ = {isa = PBXFileReference; lastKnownFileType = sourcecode.swift; path = playingCardView.swift; sourceTree = "<group>"; };
		C0CC9A3E286BF31700FF74C6 /* pokemonLevels.swift */ = {isa = PBXFileReference; lastKnownFileType = sourcecode.swift; path = pokemonLevels.swift; sourceTree = "<group>"; };
		C0CC9A40286BF35100FF74C6 /* carBrandView.swift */ = {isa = PBXFileReference; lastKnownFileType = sourcecode.swift; path = carBrandView.swift; sourceTree = "<group>"; };
		C0CC9A42286BF3A300FF74C6 /* fruitView.swift */ = {isa = PBXFileReference; lastKnownFileType = sourcecode.swift; path = fruitView.swift; sourceTree = "<group>"; };
		C0CC9A44286BF3B200FF74C6 /* allBlacksPlayerView.swift */ = {isa = PBXFileReference; lastKnownFileType = sourcecode.swift; path = allBlacksPlayerView.swift; sourceTree = "<group>"; };
		C0CC9A46286BF3C200FF74C6 /* letterView.swift */ = {isa = PBXFileReference; lastKnownFileType = sourcecode.swift; path = letterView.swift; sourceTree = "<group>"; };
		C0CC9A48286BF3D000FF74C6 /* dogBreedView.swift */ = {isa = PBXFileReference; lastKnownFileType = sourcecode.swift; path = dogBreedView.swift; sourceTree = "<group>"; };
		C0CC9A4A286BF3DC00FF74C6 /* marvelView.swift */ = {isa = PBXFileReference; lastKnownFileType = sourcecode.swift; path = marvelView.swift; sourceTree = "<group>"; };
		C0CC9A59286C699B00FF74C6 /* numberGame.swift */ = {isa = PBXFileReference; lastKnownFileType = sourcecode.swift; path = numberGame.swift; sourceTree = "<group>"; };
		CB1463C92891F2FD00FB1A2F /* pokemonGame.swift */ = {isa = PBXFileReference; lastKnownFileType = sourcecode.swift; path = pokemonGame.swift; sourceTree = "<group>"; };
/* End PBXFileReference section */

/* Begin PBXFrameworksBuildPhase section */
		C03665322863DBC50096852E /* Frameworks */ = {
			isa = PBXFrameworksBuildPhase;
			buildActionMask = 2147483647;
			files = (
			);
			runOnlyForDeploymentPostprocessing = 0;
		};
/* End PBXFrameworksBuildPhase section */

/* Begin PBXGroup section */
		C036652C2863DBC50096852E = {
			isa = PBXGroup;
			children = (
				C03665372863DBC50096852E /* Guess-A */,
				C03665362863DBC50096852E /* Products */,
			);
			sourceTree = "<group>";
		};
		C03665362863DBC50096852E /* Products */ = {
			isa = PBXGroup;
			children = (
				C03665352863DBC50096852E /* Guess-A.app */,
			);
			name = Products;
			sourceTree = "<group>";
		};
		C03665372863DBC50096852E /* Guess-A */ = {
			isa = PBXGroup;
			children = (
				C0CC9A39286BF2AF00FF74C6 /* NBA team */,
				C0CC9A38286BF2A700FF74C6 /* Playing Card */,
				C0CC9A37286BF29D00FF74C6 /* Pokemon */,
				C0CC9A36286BF27D00FF74C6 /* Car Brand */,
				C0CC9A35286BF26A00FF74C6 /* Fruit */,
				C0CC9A33286BF25400FF74C6 /* All Blacks Player */,
				C0CC9A32286BF24A00FF74C6 /* Letter */,
				C0CC9A31286BF23E00FF74C6 /* Dog Breed */,
				C0CC9A30286BF23500FF74C6 /* Marvel Character */,
				C089E2EC2865242A0098AB23 /* Number */,
				C0CC9A4C286BFC4300FF74C6 /* Main Menu */,
				C036653C2863DBC90096852E /* Assets.xcassets */,
				C036653E2863DBC90096852E /* Preview Content */,
			);
			path = "Guess-A";
			sourceTree = "<group>";
		};
		C036653E2863DBC90096852E /* Preview Content */ = {
			isa = PBXGroup;
			children = (
				C036653F2863DBC90096852E /* Preview Assets.xcassets */,
			);
			path = "Preview Content";
			sourceTree = "<group>";
		};
		C089E2EC2865242A0098AB23 /* Number */ = {
			isa = PBXGroup;
			children = (
				C089E2ED286524480098AB23 /* numberLevels.swift */,
				C0CC9A59286C699B00FF74C6 /* numberGame.swift */,
			);
			path = Number;
			sourceTree = "<group>";
		};
		C0CC9A30286BF23500FF74C6 /* Marvel Character */ = {
			isa = PBXGroup;
			children = (
				C0CC9A4A286BF3DC00FF74C6 /* marvelView.swift */,
			);
			path = "Marvel Character";
			sourceTree = "<group>";
		};
		C0CC9A31286BF23E00FF74C6 /* Dog Breed */ = {
			isa = PBXGroup;
			children = (
				C0CC9A48286BF3D000FF74C6 /* dogBreedView.swift */,
			);
			path = "Dog Breed";
			sourceTree = "<group>";
		};
		C0CC9A32286BF24A00FF74C6 /* Letter */ = {
			isa = PBXGroup;
			children = (
				C0CC9A46286BF3C200FF74C6 /* letterView.swift */,
			);
			path = Letter;
			sourceTree = "<group>";
		};
		C0CC9A33286BF25400FF74C6 /* All Blacks Player */ = {
			isa = PBXGroup;
			children = (
				C0CC9A44286BF3B200FF74C6 /* allBlacksPlayerView.swift */,
			);
			path = "All Blacks Player";
			sourceTree = "<group>";
		};
		C0CC9A35286BF26A00FF74C6 /* Fruit */ = {
			isa = PBXGroup;
			children = (
				C0CC9A42286BF3A300FF74C6 /* fruitView.swift */,
			);
			path = Fruit;
			sourceTree = "<group>";
		};
		C0CC9A36286BF27D00FF74C6 /* Car Brand */ = {
			isa = PBXGroup;
			children = (
				C0CC9A40286BF35100FF74C6 /* carBrandView.swift */,
			);
			path = "Car Brand";
			sourceTree = "<group>";
		};
		C0CC9A37286BF29D00FF74C6 /* Pokemon */ = {
			isa = PBXGroup;
			children = (
				C0CC9A3E286BF31700FF74C6 /* pokemonLevels.swift */,
				CB1463C92891F2FD00FB1A2F /* pokemonGame.swift */,
			);
			path = Pokemon;
			sourceTree = "<group>";
		};
		C0CC9A38286BF2A700FF74C6 /* Playing Card */ = {
			isa = PBXGroup;
			children = (
				C0CC9A3C286BF30600FF74C6 /* playingCardView.swift */,
			);
			path = "Playing Card";
			sourceTree = "<group>";
		};
		C0CC9A39286BF2AF00FF74C6 /* NBA team */ = {
			isa = PBXGroup;
			children = (
				346E863828A4672C00A3FF20 /* nbaTeamGame.swift */,
				346E863E28A5C82900A3FF20 /* nbaAnswer.swift */,
				C0CC9A3A286BF2D800FF74C6 /* nbaTeamLevels.swift */,
				34CBC59B28D709B10014347E /* nbaTeamGame1.swift */,
			);
			path = "NBA team";
			sourceTree = "<group>";
		};
		C0CC9A4C286BFC4300FF74C6 /* Main Menu */ = {
			isa = PBXGroup;
			children = (
				C03665382863DBC50096852E /* Guess_AApp.swift */,
				C036653A2863DBC50096852E /* ContentView.swift */,
				C0A98C97286DB8B1006BC2FA /* common.swift */,
				C0A98C95286D6187006BC2FA /* ToolbarView.swift */,
			);
			path = "Main Menu";
			sourceTree = "<group>";
		};
/* End PBXGroup section */

/* Begin PBXNativeTarget section */
		C03665342863DBC50096852E /* Guess-A */ = {
			isa = PBXNativeTarget;
			buildConfigurationList = C03665432863DBC90096852E /* Build configuration list for PBXNativeTarget "Guess-A" */;
			buildPhases = (
				C03665312863DBC50096852E /* Sources */,
				C03665322863DBC50096852E /* Frameworks */,
				C03665332863DBC50096852E /* Resources */,
			);
			buildRules = (
			);
			dependencies = (
			);
			name = "Guess-A";
			productName = "Guess-A";
			productReference = C03665352863DBC50096852E /* Guess-A.app */;
			productType = "com.apple.product-type.application";
		};
/* End PBXNativeTarget section */

/* Begin PBXProject section */
		C036652D2863DBC50096852E /* Project object */ = {
			isa = PBXProject;
			attributes = {
				BuildIndependentTargetsInParallel = 1;
				LastSwiftUpdateCheck = 1330;
				LastUpgradeCheck = 1330;
				TargetAttributes = {
					C03665342863DBC50096852E = {
						CreatedOnToolsVersion = 13.3.1;
					};
				};
			};
			buildConfigurationList = C03665302863DBC50096852E /* Build configuration list for PBXProject "Guess-A" */;
			compatibilityVersion = "Xcode 13.0";
			developmentRegion = en;
			hasScannedForEncodings = 0;
			knownRegions = (
				en,
				Base,
			);
			mainGroup = C036652C2863DBC50096852E;
			productRefGroup = C03665362863DBC50096852E /* Products */;
			projectDirPath = "";
			projectRoot = "";
			targets = (
				C03665342863DBC50096852E /* Guess-A */,
			);
		};
/* End PBXProject section */

/* Begin PBXResourcesBuildPhase section */
		C03665332863DBC50096852E /* Resources */ = {
			isa = PBXResourcesBuildPhase;
			buildActionMask = 2147483647;
			files = (
				C03665402863DBC90096852E /* Preview Assets.xcassets in Resources */,
				C036653D2863DBC90096852E /* Assets.xcassets in Resources */,
			);
			runOnlyForDeploymentPostprocessing = 0;
		};
/* End PBXResourcesBuildPhase section */

/* Begin PBXSourcesBuildPhase section */
		C03665312863DBC50096852E /* Sources */ = {
			isa = PBXSourcesBuildPhase;
			buildActionMask = 2147483647;
			files = (
				346E863928A4672C00A3FF20 /* nbaTeamGame.swift in Sources */,
				C0CC9A3D286BF30600FF74C6 /* playingCardView.swift in Sources */,
				C0CC9A45286BF3B200FF74C6 /* allBlacksPlayerView.swift in Sources */,
				C0CC9A3B286BF2D800FF74C6 /* nbaTeamLevels.swift in Sources */,
				C0CC9A41286BF35100FF74C6 /* carBrandView.swift in Sources */,
				C0CC9A47286BF3C200FF74C6 /* letterView.swift in Sources */,
				C089E2EE286524480098AB23 /* numberLevels.swift in Sources */,
				C0A98C96286D6187006BC2FA /* ToolbarView.swift in Sources */,
				C036653B2863DBC50096852E /* ContentView.swift in Sources */,
				C0CC9A3F286BF31700FF74C6 /* pokemonLevels.swift in Sources */,
				C0CC9A49286BF3D000FF74C6 /* dogBreedView.swift in Sources */,
				34CBC59C28D709B10014347E /* nbaTeamGame1.swift in Sources */,
				346E863F28A5C82900A3FF20 /* nbaAnswer.swift in Sources */,
				C0CC9A4B286BF3DC00FF74C6 /* marvelView.swift in Sources */,
				C03665392863DBC50096852E /* Guess_AApp.swift in Sources */,
				C0CC9A5A286C699B00FF74C6 /* numberGame.swift in Sources */,
				C0CC9A43286BF3A300FF74C6 /* fruitView.swift in Sources */,
				C0A98C98286DB8B1006BC2FA /* common.swift in Sources */,
				CB1463CA2891F2FD00FB1A2F /* pokemonGame.swift in Sources */,
			);
			runOnlyForDeploymentPostprocessing = 0;
		};
/* End PBXSourcesBuildPhase section */

/* Begin XCBuildConfiguration section */
		C03665412863DBC90096852E /* Debug */ = {
			isa = XCBuildConfiguration;
			buildSettings = {
				ALWAYS_SEARCH_USER_PATHS = NO;
				CLANG_ANALYZER_NONNULL = YES;
				CLANG_ANALYZER_NUMBER_OBJECT_CONVERSION = YES_AGGRESSIVE;
				CLANG_CXX_LANGUAGE_STANDARD = "gnu++17";
				CLANG_ENABLE_MODULES = YES;
				CLANG_ENABLE_OBJC_ARC = YES;
				CLANG_ENABLE_OBJC_WEAK = YES;
				CLANG_WARN_BLOCK_CAPTURE_AUTORELEASING = YES;
				CLANG_WARN_BOOL_CONVERSION = YES;
				CLANG_WARN_COMMA = YES;
				CLANG_WARN_CONSTANT_CONVERSION = YES;
				CLANG_WARN_DEPRECATED_OBJC_IMPLEMENTATIONS = YES;
				CLANG_WARN_DIRECT_OBJC_ISA_USAGE = YES_ERROR;
				CLANG_WARN_DOCUMENTATION_COMMENTS = YES;
				CLANG_WARN_EMPTY_BODY = YES;
				CLANG_WARN_ENUM_CONVERSION = YES;
				CLANG_WARN_INFINITE_RECURSION = YES;
				CLANG_WARN_INT_CONVERSION = YES;
				CLANG_WARN_NON_LITERAL_NULL_CONVERSION = YES;
				CLANG_WARN_OBJC_IMPLICIT_RETAIN_SELF = YES;
				CLANG_WARN_OBJC_LITERAL_CONVERSION = YES;
				CLANG_WARN_OBJC_ROOT_CLASS = YES_ERROR;
				CLANG_WARN_QUOTED_INCLUDE_IN_FRAMEWORK_HEADER = YES;
				CLANG_WARN_RANGE_LOOP_ANALYSIS = YES;
				CLANG_WARN_STRICT_PROTOTYPES = YES;
				CLANG_WARN_SUSPICIOUS_MOVE = YES;
				CLANG_WARN_UNGUARDED_AVAILABILITY = YES_AGGRESSIVE;
				CLANG_WARN_UNREACHABLE_CODE = YES;
				CLANG_WARN__DUPLICATE_METHOD_MATCH = YES;
				COPY_PHASE_STRIP = NO;
				DEBUG_INFORMATION_FORMAT = dwarf;
				ENABLE_STRICT_OBJC_MSGSEND = YES;
				ENABLE_TESTABILITY = YES;
				GCC_C_LANGUAGE_STANDARD = gnu11;
				GCC_DYNAMIC_NO_PIC = NO;
				GCC_NO_COMMON_BLOCKS = YES;
				GCC_OPTIMIZATION_LEVEL = 0;
				GCC_PREPROCESSOR_DEFINITIONS = (
					"DEBUG=1",
					"$(inherited)",
				);
				GCC_WARN_64_TO_32_BIT_CONVERSION = YES;
				GCC_WARN_ABOUT_RETURN_TYPE = YES_ERROR;
				GCC_WARN_UNDECLARED_SELECTOR = YES;
				GCC_WARN_UNINITIALIZED_AUTOS = YES_AGGRESSIVE;
				GCC_WARN_UNUSED_FUNCTION = YES;
				GCC_WARN_UNUSED_VARIABLE = YES;
				IPHONEOS_DEPLOYMENT_TARGET = 15.4;
				MTL_ENABLE_DEBUG_INFO = INCLUDE_SOURCE;
				MTL_FAST_MATH = YES;
				ONLY_ACTIVE_ARCH = YES;
				SDKROOT = iphoneos;
				SWIFT_ACTIVE_COMPILATION_CONDITIONS = DEBUG;
				SWIFT_OPTIMIZATION_LEVEL = "-Onone";
			};
			name = Debug;
		};
		C03665422863DBC90096852E /* Release */ = {
			isa = XCBuildConfiguration;
			buildSettings = {
				ALWAYS_SEARCH_USER_PATHS = NO;
				CLANG_ANALYZER_NONNULL = YES;
				CLANG_ANALYZER_NUMBER_OBJECT_CONVERSION = YES_AGGRESSIVE;
				CLANG_CXX_LANGUAGE_STANDARD = "gnu++17";
				CLANG_ENABLE_MODULES = YES;
				CLANG_ENABLE_OBJC_ARC = YES;
				CLANG_ENABLE_OBJC_WEAK = YES;
				CLANG_WARN_BLOCK_CAPTURE_AUTORELEASING = YES;
				CLANG_WARN_BOOL_CONVERSION = YES;
				CLANG_WARN_COMMA = YES;
				CLANG_WARN_CONSTANT_CONVERSION = YES;
				CLANG_WARN_DEPRECATED_OBJC_IMPLEMENTATIONS = YES;
				CLANG_WARN_DIRECT_OBJC_ISA_USAGE = YES_ERROR;
				CLANG_WARN_DOCUMENTATION_COMMENTS = YES;
				CLANG_WARN_EMPTY_BODY = YES;
				CLANG_WARN_ENUM_CONVERSION = YES;
				CLANG_WARN_INFINITE_RECURSION = YES;
				CLANG_WARN_INT_CONVERSION = YES;
				CLANG_WARN_NON_LITERAL_NULL_CONVERSION = YES;
				CLANG_WARN_OBJC_IMPLICIT_RETAIN_SELF = YES;
				CLANG_WARN_OBJC_LITERAL_CONVERSION = YES;
				CLANG_WARN_OBJC_ROOT_CLASS = YES_ERROR;
				CLANG_WARN_QUOTED_INCLUDE_IN_FRAMEWORK_HEADER = YES;
				CLANG_WARN_RANGE_LOOP_ANALYSIS = YES;
				CLANG_WARN_STRICT_PROTOTYPES = YES;
				CLANG_WARN_SUSPICIOUS_MOVE = YES;
				CLANG_WARN_UNGUARDED_AVAILABILITY = YES_AGGRESSIVE;
				CLANG_WARN_UNREACHABLE_CODE = YES;
				CLANG_WARN__DUPLICATE_METHOD_MATCH = YES;
				COPY_PHASE_STRIP = NO;
				DEBUG_INFORMATION_FORMAT = "dwarf-with-dsym";
				ENABLE_NS_ASSERTIONS = NO;
				ENABLE_STRICT_OBJC_MSGSEND = YES;
				GCC_C_LANGUAGE_STANDARD = gnu11;
				GCC_NO_COMMON_BLOCKS = YES;
				GCC_WARN_64_TO_32_BIT_CONVERSION = YES;
				GCC_WARN_ABOUT_RETURN_TYPE = YES_ERROR;
				GCC_WARN_UNDECLARED_SELECTOR = YES;
				GCC_WARN_UNINITIALIZED_AUTOS = YES_AGGRESSIVE;
				GCC_WARN_UNUSED_FUNCTION = YES;
				GCC_WARN_UNUSED_VARIABLE = YES;
				IPHONEOS_DEPLOYMENT_TARGET = 15.4;
				MTL_ENABLE_DEBUG_INFO = NO;
				MTL_FAST_MATH = YES;
				SDKROOT = iphoneos;
				SWIFT_COMPILATION_MODE = wholemodule;
				SWIFT_OPTIMIZATION_LEVEL = "-O";
				VALIDATE_PRODUCT = YES;
			};
			name = Release;
		};
		C03665442863DBC90096852E /* Debug */ = {
			isa = XCBuildConfiguration;
			buildSettings = {
				ASSETCATALOG_COMPILER_APPICON_NAME = AppIcon;
				ASSETCATALOG_COMPILER_GLOBAL_ACCENT_COLOR_NAME = AccentColor;
				CODE_SIGN_STYLE = Automatic;
				CURRENT_PROJECT_VERSION = 1;
				DEVELOPMENT_ASSET_PATHS = "\"Guess-A/Preview Content\"";
				DEVELOPMENT_TEAM = Y958N9X8D9;
				ENABLE_PREVIEWS = YES;
				GENERATE_INFOPLIST_FILE = YES;
				INFOPLIST_KEY_UIApplicationSceneManifest_Generation = YES;
				INFOPLIST_KEY_UIApplicationSupportsIndirectInputEvents = YES;
				INFOPLIST_KEY_UILaunchScreen_Generation = YES;
				INFOPLIST_KEY_UISupportedInterfaceOrientations_iPad = "UIInterfaceOrientationPortrait UIInterfaceOrientationPortraitUpsideDown UIInterfaceOrientationLandscapeLeft UIInterfaceOrientationLandscapeRight";
				INFOPLIST_KEY_UISupportedInterfaceOrientations_iPhone = "UIInterfaceOrientationPortrait UIInterfaceOrientationLandscapeLeft UIInterfaceOrientationLandscapeRight";
				LD_RUNPATH_SEARCH_PATHS = (
					"$(inherited)",
					"@executable_path/Frameworks",
				);
				MARKETING_VERSION = 1.0;
				PRODUCT_BUNDLE_IDENTIFIER = "au.com.macarthur.Guess-A";
				PRODUCT_NAME = "$(TARGET_NAME)";
				SWIFT_EMIT_LOC_STRINGS = YES;
				SWIFT_VERSION = 5.0;
				TARGETED_DEVICE_FAMILY = "1,2";
			};
			name = Debug;
		};
		C03665452863DBC90096852E /* Release */ = {
			isa = XCBuildConfiguration;
			buildSettings = {
				ASSETCATALOG_COMPILER_APPICON_NAME = AppIcon;
				ASSETCATALOG_COMPILER_GLOBAL_ACCENT_COLOR_NAME = AccentColor;
				CODE_SIGN_STYLE = Automatic;
				CURRENT_PROJECT_VERSION = 1;
				DEVELOPMENT_ASSET_PATHS = "\"Guess-A/Preview Content\"";
				DEVELOPMENT_TEAM = Y958N9X8D9;
				ENABLE_PREVIEWS = YES;
				GENERATE_INFOPLIST_FILE = YES;
				INFOPLIST_KEY_UIApplicationSceneManifest_Generation = YES;
				INFOPLIST_KEY_UIApplicationSupportsIndirectInputEvents = YES;
				INFOPLIST_KEY_UILaunchScreen_Generation = YES;
				INFOPLIST_KEY_UISupportedInterfaceOrientations_iPad = "UIInterfaceOrientationPortrait UIInterfaceOrientationPortraitUpsideDown UIInterfaceOrientationLandscapeLeft UIInterfaceOrientationLandscapeRight";
				INFOPLIST_KEY_UISupportedInterfaceOrientations_iPhone = "UIInterfaceOrientationPortrait UIInterfaceOrientationLandscapeLeft UIInterfaceOrientationLandscapeRight";
				LD_RUNPATH_SEARCH_PATHS = (
					"$(inherited)",
					"@executable_path/Frameworks",
				);
				MARKETING_VERSION = 1.0;
				PRODUCT_BUNDLE_IDENTIFIER = "au.com.macarthur.Guess-A";
				PRODUCT_NAME = "$(TARGET_NAME)";
				SWIFT_EMIT_LOC_STRINGS = YES;
				SWIFT_VERSION = 5.0;
				TARGETED_DEVICE_FAMILY = "1,2";
			};
			name = Release;
		};
/* End XCBuildConfiguration section */

/* Begin XCConfigurationList section */
		C03665302863DBC50096852E /* Build configuration list for PBXProject "Guess-A" */ = {
			isa = XCConfigurationList;
			buildConfigurations = (
				C03665412863DBC90096852E /* Debug */,
				C03665422863DBC90096852E /* Release */,
			);
			defaultConfigurationIsVisible = 0;
			defaultConfigurationName = Release;
		};
		C03665432863DBC90096852E /* Build configuration list for PBXNativeTarget "Guess-A" */ = {
			isa = XCConfigurationList;
			buildConfigurations = (
				C03665442863DBC90096852E /* Debug */,
				C03665452863DBC90096852E /* Release */,
			);
			defaultConfigurationIsVisible = 0;
			defaultConfigurationName = Release;
		};
/* End XCConfigurationList section */
	};
	rootObject = C036652D2863DBC50096852E /* Project object */;
}
